// !$*UTF8*$!
{
	archiveVersion = 1;
	classes = {
	};
	objectVersion = 46;
	objects = {

/* Begin PBXBuildFile section */
		0DC7FFC31E071C1500318C23 /* WeatherTableViewCell.swift in Sources */ = {isa = PBXBuildFile; fileRef = 0DC7FFC21E071C1500318C23 /* WeatherTableViewCell.swift */; };
		0DC7FFC51E07263200318C23 /* WeatherTableViewCellModel.swift in Sources */ = {isa = PBXBuildFile; fileRef = 0DC7FFC41E07263200318C23 /* WeatherTableViewCellModel.swift */; };
		0DC7FFC91E079C2000318C23 /* TableHeaderView.swift in Sources */ = {isa = PBXBuildFile; fileRef = 0DC7FFC81E079C2000318C23 /* TableHeaderView.swift */; };
		0DC7FFCB1E079C4D00318C23 /* TableHeaderView.xib in Resources */ = {isa = PBXBuildFile; fileRef = 0DC7FFCA1E079C4D00318C23 /* TableHeaderView.xib */; };
		0DC7FFCD1E07D1E500318C23 /* TableHeaderViewModel.swift in Sources */ = {isa = PBXBuildFile; fileRef = 0DC7FFCC1E07D1E500318C23 /* TableHeaderViewModel.swift */; };
		0DC7FFD11E07E68E00318C23 /* TableFooterView.swift in Sources */ = {isa = PBXBuildFile; fileRef = 0DC7FFD01E07E68E00318C23 /* TableFooterView.swift */; };
		0DC7FFD51E07E6C000318C23 /* TableFooterView.xib in Resources */ = {isa = PBXBuildFile; fileRef = 0DC7FFD41E07E6C000318C23 /* TableFooterView.xib */; };
		0DC7FFD71E07E6E900318C23 /* TableFooterViewCellModel.swift in Sources */ = {isa = PBXBuildFile; fileRef = 0DC7FFD61E07E6E900318C23 /* TableFooterViewCellModel.swift */; };
		0DC7FFDB1E07E8A000318C23 /* TableFooterViewCell.swift in Sources */ = {isa = PBXBuildFile; fileRef = 0DC7FFD91E07E8A000318C23 /* TableFooterViewCell.swift */; };
		0DC7FFDC1E07E8A000318C23 /* TableFooterViewCell.xib in Resources */ = {isa = PBXBuildFile; fileRef = 0DC7FFDA1E07E8A000318C23 /* TableFooterViewCell.xib */; };
		0DC7FFDE1E08097800318C23 /* String+Degree.swift in Sources */ = {isa = PBXBuildFile; fileRef = 0DC7FFDD1E08097800318C23 /* String+Degree.swift */; };
		0DC7FFE11E08170400318C23 /* ErrorViewController.swift in Sources */ = {isa = PBXBuildFile; fileRef = 0DC7FFE01E08170400318C23 /* ErrorViewController.swift */; };
		0DC7FFE41E08F87900318C23 /* RequestManagerMock.swift in Sources */ = {isa = PBXBuildFile; fileRef = 0DC7FFE31E08F87900318C23 /* RequestManagerMock.swift */; };
		0DC7FFE81E08FCFF00318C23 /* dummyWeatherForecast.json in Resources */ = {isa = PBXBuildFile; fileRef = 0DC7FFE71E08FCFF00318C23 /* dummyWeatherForecast.json */; };
		0DC7FFEA1E08FD0400318C23 /* dummyCurrentWeather.json in Resources */ = {isa = PBXBuildFile; fileRef = 0DC7FFE91E08FD0400318C23 /* dummyCurrentWeather.json */; };
		0DC7FFF11E0902E800318C23 /* WeatherForecastManagerTest.swift in Sources */ = {isa = PBXBuildFile; fileRef = 0DC7FFF01E0902E800318C23 /* WeatherForecastManagerTest.swift */; };
		0DFAB40C1E0675F400DD1EF9 /* AppDelegate.swift in Sources */ = {isa = PBXBuildFile; fileRef = 0DFAB40B1E0675F400DD1EF9 /* AppDelegate.swift */; };
		0DFAB4111E0675F400DD1EF9 /* Main.storyboard in Resources */ = {isa = PBXBuildFile; fileRef = 0DFAB40F1E0675F400DD1EF9 /* Main.storyboard */; };
		0DFAB4161E0675F400DD1EF9 /* LaunchScreen.storyboard in Resources */ = {isa = PBXBuildFile; fileRef = 0DFAB4141E0675F400DD1EF9 /* LaunchScreen.storyboard */; };
		0DFAB4301E0677FD00DD1EF9 /* MainViewController.swift in Sources */ = {isa = PBXBuildFile; fileRef = 0DFAB42F1E0677FD00DD1EF9 /* MainViewController.swift */; };
		0DFAB4321E06781900DD1EF9 /* Assets.xcassets in Resources */ = {isa = PBXBuildFile; fileRef = 0DFAB4311E06781900DD1EF9 /* Assets.xcassets */; };
		0DFAB4361E067DA900DD1EF9 /* RequestManager.swift in Sources */ = {isa = PBXBuildFile; fileRef = 0DFAB4351E067DA900DD1EF9 /* RequestManager.swift */; };
		0DFAB4381E06805D00DD1EF9 /* Router.swift in Sources */ = {isa = PBXBuildFile; fileRef = 0DFAB4371E06805D00DD1EF9 /* Router.swift */; };
		0DFAB43B1E06A88900DD1EF9 /* Weather.swift in Sources */ = {isa = PBXBuildFile; fileRef = 0DFAB43A1E06A88900DD1EF9 /* Weather.swift */; };
		0DFAB4411E06B0E200DD1EF9 /* WeatherForecastManager.swift in Sources */ = {isa = PBXBuildFile; fileRef = 0DFAB4401E06B0E200DD1EF9 /* WeatherForecastManager.swift */; };
		0DFAB4431E06B10B00DD1EF9 /* Double+NSDate.swift in Sources */ = {isa = PBXBuildFile; fileRef = 0DFAB4421E06B10B00DD1EF9 /* Double+NSDate.swift */; };
		5EE8999DC49AC5202EA3238E /* Pods_WeatherApp.framework in Frameworks */ = {isa = PBXBuildFile; fileRef = 888B633FDE44E9D845F769D3 /* Pods_WeatherApp.framework */; };
		7D4088CCA5F91C325648BDF8 /* Pods_WeatherAppTests.framework in Frameworks */ = {isa = PBXBuildFile; fileRef = C2D1AD260BC941221B138361 /* Pods_WeatherAppTests.framework */; };
/* End PBXBuildFile section */

/* Begin PBXContainerItemProxy section */
		0DFAB41D1E0675F400DD1EF9 /* PBXContainerItemProxy */ = {
			isa = PBXContainerItemProxy;
			containerPortal = 0DFAB4001E0675F400DD1EF9 /* Project object */;
			proxyType = 1;
			remoteGlobalIDString = 0DFAB4071E0675F400DD1EF9;
			remoteInfo = WeatherApp;
		};
/* End PBXContainerItemProxy section */

/* Begin PBXFileReference section */
		0A7F9A6D4151797CE93B3FD1 /* Pods-WeatherApp.release.xcconfig */ = {isa = PBXFileReference; includeInIndex = 1; lastKnownFileType = text.xcconfig; name = "Pods-WeatherApp.release.xcconfig"; path = "Pods/Target Support Files/Pods-WeatherApp/Pods-WeatherApp.release.xcconfig"; sourceTree = "<group>"; };
		0DC7FFC21E071C1500318C23 /* WeatherTableViewCell.swift */ = {isa = PBXFileReference; fileEncoding = 4; lastKnownFileType = sourcecode.swift; name = WeatherTableViewCell.swift; path = Features/Main/WeatherTableViewCell.swift; sourceTree = "<group>"; };
		0DC7FFC41E07263200318C23 /* WeatherTableViewCellModel.swift */ = {isa = PBXFileReference; fileEncoding = 4; lastKnownFileType = sourcecode.swift; path = WeatherTableViewCellModel.swift; sourceTree = "<group>"; };
		0DC7FFC81E079C2000318C23 /* TableHeaderView.swift */ = {isa = PBXFileReference; fileEncoding = 4; lastKnownFileType = sourcecode.swift; name = TableHeaderView.swift; path = Features/Main/TableViewHeader/TableHeaderView.swift; sourceTree = "<group>"; };
		0DC7FFCA1E079C4D00318C23 /* TableHeaderView.xib */ = {isa = PBXFileReference; fileEncoding = 4; lastKnownFileType = file.xib; name = TableHeaderView.xib; path = Features/Main/TableViewHeader/TableHeaderView.xib; sourceTree = "<group>"; };
		0DC7FFCC1E07D1E500318C23 /* TableHeaderViewModel.swift */ = {isa = PBXFileReference; fileEncoding = 4; lastKnownFileType = sourcecode.swift; name = TableHeaderViewModel.swift; path = Features/Main/TableViewHeader/TableHeaderViewModel.swift; sourceTree = "<group>"; };
		0DC7FFD01E07E68E00318C23 /* TableFooterView.swift */ = {isa = PBXFileReference; fileEncoding = 4; lastKnownFileType = sourcecode.swift; name = TableFooterView.swift; path = Features/Main/TableViewFooter/TableFooterView.swift; sourceTree = "<group>"; };
		0DC7FFD41E07E6C000318C23 /* TableFooterView.xib */ = {isa = PBXFileReference; fileEncoding = 4; lastKnownFileType = file.xib; name = TableFooterView.xib; path = Features/Main/TableViewFooter/TableFooterView.xib; sourceTree = "<group>"; };
		0DC7FFD61E07E6E900318C23 /* TableFooterViewCellModel.swift */ = {isa = PBXFileReference; fileEncoding = 4; lastKnownFileType = sourcecode.swift; name = TableFooterViewCellModel.swift; path = Features/Main/TableViewFooter/TableFooterViewCellModel.swift; sourceTree = "<group>"; };
		0DC7FFD91E07E8A000318C23 /* TableFooterViewCell.swift */ = {isa = PBXFileReference; fileEncoding = 4; lastKnownFileType = sourcecode.swift; name = TableFooterViewCell.swift; path = Features/Main/TableViewFooter/TableFooterCell/TableFooterViewCell.swift; sourceTree = "<group>"; };
		0DC7FFDA1E07E8A000318C23 /* TableFooterViewCell.xib */ = {isa = PBXFileReference; fileEncoding = 4; lastKnownFileType = file.xib; name = TableFooterViewCell.xib; path = Features/Main/TableViewFooter/TableFooterCell/TableFooterViewCell.xib; sourceTree = "<group>"; };
		0DC7FFDD1E08097800318C23 /* String+Degree.swift */ = {isa = PBXFileReference; fileEncoding = 4; lastKnownFileType = sourcecode.swift; name = "String+Degree.swift"; path = "Extensions/String+Degree.swift"; sourceTree = "<group>"; };
		0DC7FFE01E08170400318C23 /* ErrorViewController.swift */ = {isa = PBXFileReference; fileEncoding = 4; lastKnownFileType = sourcecode.swift; name = ErrorViewController.swift; path = Features/Error/ErrorViewController.swift; sourceTree = "<group>"; };
		0DC7FFE31E08F87900318C23 /* RequestManagerMock.swift */ = {isa = PBXFileReference; fileEncoding = 4; lastKnownFileType = sourcecode.swift; name = RequestManagerMock.swift; path = Mocks/RequestManagerMock.swift; sourceTree = "<group>"; };
		0DC7FFE71E08FCFF00318C23 /* dummyWeatherForecast.json */ = {isa = PBXFileReference; fileEncoding = 4; lastKnownFileType = text.json; path = dummyWeatherForecast.json; sourceTree = "<group>"; };
		0DC7FFE91E08FD0400318C23 /* dummyCurrentWeather.json */ = {isa = PBXFileReference; fileEncoding = 4; lastKnownFileType = text.json; path = dummyCurrentWeather.json; sourceTree = "<group>"; };
		0DC7FFF01E0902E800318C23 /* WeatherForecastManagerTest.swift */ = {isa = PBXFileReference; fileEncoding = 4; lastKnownFileType = sourcecode.swift; name = WeatherForecastManagerTest.swift; path = Tests/WeatherForecastManagerTest.swift; sourceTree = "<group>"; };
		0DFAB4081E0675F400DD1EF9 /* WeatherApp.app */ = {isa = PBXFileReference; explicitFileType = wrapper.application; includeInIndex = 0; path = WeatherApp.app; sourceTree = BUILT_PRODUCTS_DIR; };
		0DFAB40B1E0675F400DD1EF9 /* AppDelegate.swift */ = {isa = PBXFileReference; lastKnownFileType = sourcecode.swift; path = AppDelegate.swift; sourceTree = "<group>"; };
		0DFAB4101E0675F400DD1EF9 /* Base */ = {isa = PBXFileReference; lastKnownFileType = file.storyboard; name = Base; path = Base.lproj/Main.storyboard; sourceTree = "<group>"; };
		0DFAB4151E0675F400DD1EF9 /* Base */ = {isa = PBXFileReference; lastKnownFileType = file.storyboard; name = Base; path = Base.lproj/LaunchScreen.storyboard; sourceTree = "<group>"; };
		0DFAB41C1E0675F400DD1EF9 /* WeatherAppTests.xctest */ = {isa = PBXFileReference; explicitFileType = wrapper.cfbundle; includeInIndex = 0; path = WeatherAppTests.xctest; sourceTree = BUILT_PRODUCTS_DIR; };
		0DFAB4221E0675F400DD1EF9 /* Info.plist */ = {isa = PBXFileReference; lastKnownFileType = text.plist.xml; path = Info.plist; sourceTree = "<group>"; };
		0DFAB42F1E0677FD00DD1EF9 /* MainViewController.swift */ = {isa = PBXFileReference; fileEncoding = 4; lastKnownFileType = sourcecode.swift; name = MainViewController.swift; path = Features/Main/MainViewController.swift; sourceTree = "<group>"; };
		0DFAB4311E06781900DD1EF9 /* Assets.xcassets */ = {isa = PBXFileReference; lastKnownFileType = folder.assetcatalog; name = Assets.xcassets; path = Resources/Assets.xcassets; sourceTree = "<group>"; };
		0DFAB4331E06782400DD1EF9 /* Info.plist */ = {isa = PBXFileReference; fileEncoding = 4; lastKnownFileType = text.plist.xml; name = Info.plist; path = Resources/Info.plist; sourceTree = "<group>"; };
		0DFAB4351E067DA900DD1EF9 /* RequestManager.swift */ = {isa = PBXFileReference; fileEncoding = 4; lastKnownFileType = sourcecode.swift; name = RequestManager.swift; path = Networking/RequestManager.swift; sourceTree = "<group>"; };
		0DFAB4371E06805D00DD1EF9 /* Router.swift */ = {isa = PBXFileReference; fileEncoding = 4; lastKnownFileType = sourcecode.swift; name = Router.swift; path = Networking/Router.swift; sourceTree = "<group>"; };
		0DFAB43A1E06A88900DD1EF9 /* Weather.swift */ = {isa = PBXFileReference; fileEncoding = 4; lastKnownFileType = sourcecode.swift; name = Weather.swift; path = Models/Weather.swift; sourceTree = "<group>"; };
		0DFAB4401E06B0E200DD1EF9 /* WeatherForecastManager.swift */ = {isa = PBXFileReference; fileEncoding = 4; lastKnownFileType = sourcecode.swift; name = WeatherForecastManager.swift; path = Utilities/WeatherForecastManager.swift; sourceTree = "<group>"; };
		0DFAB4421E06B10B00DD1EF9 /* Double+NSDate.swift */ = {isa = PBXFileReference; fileEncoding = 4; lastKnownFileType = sourcecode.swift; name = "Double+NSDate.swift"; path = "Extensions/Double+NSDate.swift"; sourceTree = "<group>"; };
		7934AFF47C628358279CC195 /* Pods-WeatherApp.debug.xcconfig */ = {isa = PBXFileReference; includeInIndex = 1; lastKnownFileType = text.xcconfig; name = "Pods-WeatherApp.debug.xcconfig"; path = "Pods/Target Support Files/Pods-WeatherApp/Pods-WeatherApp.debug.xcconfig"; sourceTree = "<group>"; };
		888B633FDE44E9D845F769D3 /* Pods_WeatherApp.framework */ = {isa = PBXFileReference; explicitFileType = wrapper.framework; includeInIndex = 0; path = Pods_WeatherApp.framework; sourceTree = BUILT_PRODUCTS_DIR; };
		B6AE8FC38F714BA8364B1C9D /* Pods-WeatherAppTests.debug.xcconfig */ = {isa = PBXFileReference; includeInIndex = 1; lastKnownFileType = text.xcconfig; name = "Pods-WeatherAppTests.debug.xcconfig"; path = "Pods/Target Support Files/Pods-WeatherAppTests/Pods-WeatherAppTests.debug.xcconfig"; sourceTree = "<group>"; };
		C2D1AD260BC941221B138361 /* Pods_WeatherAppTests.framework */ = {isa = PBXFileReference; explicitFileType = wrapper.framework; includeInIndex = 0; path = Pods_WeatherAppTests.framework; sourceTree = BUILT_PRODUCTS_DIR; };
		E81FB8FA354C70A193AD78A6 /* Pods-WeatherAppTests.release.xcconfig */ = {isa = PBXFileReference; includeInIndex = 1; lastKnownFileType = text.xcconfig; name = "Pods-WeatherAppTests.release.xcconfig"; path = "Pods/Target Support Files/Pods-WeatherAppTests/Pods-WeatherAppTests.release.xcconfig"; sourceTree = "<group>"; };
/* End PBXFileReference section */

/* Begin PBXFrameworksBuildPhase section */
		0DFAB4051E0675F400DD1EF9 /* Frameworks */ = {
			isa = PBXFrameworksBuildPhase;
			buildActionMask = 2147483647;
			files = (
				5EE8999DC49AC5202EA3238E /* Pods_WeatherApp.framework in Frameworks */,
			);
			runOnlyForDeploymentPostprocessing = 0;
		};
		0DFAB4191E0675F400DD1EF9 /* Frameworks */ = {
			isa = PBXFrameworksBuildPhase;
			buildActionMask = 2147483647;
			files = (
				7D4088CCA5F91C325648BDF8 /* Pods_WeatherAppTests.framework in Frameworks */,
			);
			runOnlyForDeploymentPostprocessing = 0;
		};
/* End PBXFrameworksBuildPhase section */

/* Begin PBXGroup section */
		0DC7FFC61E079B7D00318C23 /* TableViewHeader */ = {
			isa = PBXGroup;
			children = (
				0DC7FFC81E079C2000318C23 /* TableHeaderView.swift */,
				0DC7FFCA1E079C4D00318C23 /* TableHeaderView.xib */,
				0DC7FFCC1E07D1E500318C23 /* TableHeaderViewModel.swift */,
			);
			name = TableViewHeader;
			sourceTree = "<group>";
		};
		0DC7FFC71E079B8800318C23 /* TableViewFooter */ = {
			isa = PBXGroup;
			children = (
				0DC7FFD81E07E86100318C23 /* TableFooterCell */,
				0DC7FFD01E07E68E00318C23 /* TableFooterView.swift */,
				0DC7FFD41E07E6C000318C23 /* TableFooterView.xib */,
			);
			name = TableViewFooter;
			sourceTree = "<group>";
		};
		0DC7FFD81E07E86100318C23 /* TableFooterCell */ = {
			isa = PBXGroup;
			children = (
				0DC7FFD91E07E8A000318C23 /* TableFooterViewCell.swift */,
				0DC7FFDA1E07E8A000318C23 /* TableFooterViewCell.xib */,
				0DC7FFD61E07E6E900318C23 /* TableFooterViewCellModel.swift */,
			);
			name = TableFooterCell;
			sourceTree = "<group>";
		};
		0DC7FFDF1E0816B300318C23 /* Error */ = {
			isa = PBXGroup;
			children = (
				0DC7FFE01E08170400318C23 /* ErrorViewController.swift */,
			);
			name = Error;
			sourceTree = "<group>";
		};
		0DC7FFE21E08F84C00318C23 /* Mocks */ = {
			isa = PBXGroup;
			children = (
				0DC7FFE31E08F87900318C23 /* RequestManagerMock.swift */,
			);
			name = Mocks;
			sourceTree = "<group>";
		};
		0DC7FFEB1E08FDED00318C23 /* Tests */ = {
			isa = PBXGroup;
			children = (
				0DC7FFF01E0902E800318C23 /* WeatherForecastManagerTest.swift */,
			);
			name = Tests;
			sourceTree = "<group>";
		};
		0DFAB3FF1E0675F400DD1EF9 = {
			isa = PBXGroup;
			children = (
				0DFAB40A1E0675F400DD1EF9 /* WeatherApp */,
				0DFAB41F1E0675F400DD1EF9 /* WeatherAppTests */,
				0DFAB4091E0675F400DD1EF9 /* Products */,
				776363A87CCA48F60C48F38D /* Pods */,
				76A9CD515EE2ADBCD5CB793F /* Frameworks */,
			);
			sourceTree = "<group>";
		};
		0DFAB4091E0675F400DD1EF9 /* Products */ = {
			isa = PBXGroup;
			children = (
				0DFAB4081E0675F400DD1EF9 /* WeatherApp.app */,
				0DFAB41C1E0675F400DD1EF9 /* WeatherAppTests.xctest */,
			);
			name = Products;
			sourceTree = "<group>";
		};
		0DFAB40A1E0675F400DD1EF9 /* WeatherApp */ = {
			isa = PBXGroup;
			children = (
				0DFAB40B1E0675F400DD1EF9 /* AppDelegate.swift */,
				0DFAB42B1E06772200DD1EF9 /* Features */,
				0DFAB42C1E06772D00DD1EF9 /* Networking */,
				0DFAB4391E06A85200DD1EF9 /* Models */,
				0DFAB43C1E06A8D500DD1EF9 /* Extensions */,
				0DFAB42D1E06774900DD1EF9 /* Resources */,
				0DFAB43F1E06B04800DD1EF9 /* Utilities */,
			);
			path = WeatherApp;
			sourceTree = "<group>";
		};
		0DFAB41F1E0675F400DD1EF9 /* WeatherAppTests */ = {
			isa = PBXGroup;
			children = (
				0DC7FFEB1E08FDED00318C23 /* Tests */,
				0DC7FFE21E08F84C00318C23 /* Mocks */,
				0DFAB4221E0675F400DD1EF9 /* Info.plist */,
			);
			path = WeatherAppTests;
			sourceTree = "<group>";
		};
		0DFAB42B1E06772200DD1EF9 /* Features */ = {
			isa = PBXGroup;
			children = (
				0DFAB42E1E06777500DD1EF9 /* Main */,
				0DC7FFDF1E0816B300318C23 /* Error */,
			);
			name = Features;
			sourceTree = "<group>";
		};
		0DFAB42C1E06772D00DD1EF9 /* Networking */ = {
			isa = PBXGroup;
			children = (
				0DFAB4351E067DA900DD1EF9 /* RequestManager.swift */,
				0DFAB4371E06805D00DD1EF9 /* Router.swift */,
			);
			name = Networking;
			sourceTree = "<group>";
		};
		0DFAB42D1E06774900DD1EF9 /* Resources */ = {
			isa = PBXGroup;
			children = (
				0DC7FFE71E08FCFF00318C23 /* dummyWeatherForecast.json */,
				0DC7FFE91E08FD0400318C23 /* dummyCurrentWeather.json */,
				0DFAB4331E06782400DD1EF9 /* Info.plist */,
				0DFAB4311E06781900DD1EF9 /* Assets.xcassets */,
				0DFAB4141E0675F400DD1EF9 /* LaunchScreen.storyboard */,
			);
			name = Resources;
			sourceTree = "<group>";
		};
		0DFAB42E1E06777500DD1EF9 /* Main */ = {
			isa = PBXGroup;
			children = (
				0DC7FFC71E079B8800318C23 /* TableViewFooter */,
				0DC7FFC61E079B7D00318C23 /* TableViewHeader */,
				0DFAB42F1E0677FD00DD1EF9 /* MainViewController.swift */,
				0DFAB40F1E0675F400DD1EF9 /* Main.storyboard */,
				0DC7FFC21E071C1500318C23 /* WeatherTableViewCell.swift */,
				0DC7FFC41E07263200318C23 /* WeatherTableViewCellModel.swift */,
			);
			name = Main;
			sourceTree = "<group>";
		};
		0DFAB4391E06A85200DD1EF9 /* Models */ = {
			isa = PBXGroup;
			children = (
				0DFAB43A1E06A88900DD1EF9 /* Weather.swift */,
			);
			name = Models;
			sourceTree = "<group>";
		};
		0DFAB43C1E06A8D500DD1EF9 /* Extensions */ = {
			isa = PBXGroup;
			children = (
				0DFAB4421E06B10B00DD1EF9 /* Double+NSDate.swift */,
				0DC7FFDD1E08097800318C23 /* String+Degree.swift */,
			);
			name = Extensions;
			sourceTree = "<group>";
		};
		0DFAB43F1E06B04800DD1EF9 /* Utilities */ = {
			isa = PBXGroup;
			children = (
				0DFAB4401E06B0E200DD1EF9 /* WeatherForecastManager.swift */,
			);
			name = Utilities;
			sourceTree = "<group>";
		};
		76A9CD515EE2ADBCD5CB793F /* Frameworks */ = {
			isa = PBXGroup;
			children = (
				888B633FDE44E9D845F769D3 /* Pods_WeatherApp.framework */,
				C2D1AD260BC941221B138361 /* Pods_WeatherAppTests.framework */,
			);
			name = Frameworks;
			sourceTree = "<group>";
		};
		776363A87CCA48F60C48F38D /* Pods */ = {
			isa = PBXGroup;
			children = (
				7934AFF47C628358279CC195 /* Pods-WeatherApp.debug.xcconfig */,
				0A7F9A6D4151797CE93B3FD1 /* Pods-WeatherApp.release.xcconfig */,
				B6AE8FC38F714BA8364B1C9D /* Pods-WeatherAppTests.debug.xcconfig */,
				E81FB8FA354C70A193AD78A6 /* Pods-WeatherAppTests.release.xcconfig */,
			);
			name = Pods;
			sourceTree = "<group>";
		};
/* End PBXGroup section */

/* Begin PBXNativeTarget section */
		0DFAB4071E0675F400DD1EF9 /* WeatherApp */ = {
			isa = PBXNativeTarget;
			buildConfigurationList = 0DFAB4251E0675F400DD1EF9 /* Build configuration list for PBXNativeTarget "WeatherApp" */;
			buildPhases = (
				C1320BD41C22C31EBF32D350 /* [CP] Check Pods Manifest.lock */,
				0DFAB4041E0675F400DD1EF9 /* Sources */,
				0DFAB4051E0675F400DD1EF9 /* Frameworks */,
				0DFAB4061E0675F400DD1EF9 /* Resources */,
				432993DEF5AA54EE09CD67A4 /* [CP] Embed Pods Frameworks */,
				03557EB1AC55FFB7C337A14A /* [CP] Copy Pods Resources */,
			);
			buildRules = (
			);
			dependencies = (
			);
			name = WeatherApp;
			productName = WeatherApp;
			productReference = 0DFAB4081E0675F400DD1EF9 /* WeatherApp.app */;
			productType = "com.apple.product-type.application";
		};
		0DFAB41B1E0675F400DD1EF9 /* WeatherAppTests */ = {
			isa = PBXNativeTarget;
			buildConfigurationList = 0DFAB4281E0675F400DD1EF9 /* Build configuration list for PBXNativeTarget "WeatherAppTests" */;
			buildPhases = (
				02863CBF5A05667FFFAB3BC9 /* [CP] Check Pods Manifest.lock */,
				0DFAB4181E0675F400DD1EF9 /* Sources */,
				0DFAB4191E0675F400DD1EF9 /* Frameworks */,
				0DFAB41A1E0675F400DD1EF9 /* Resources */,
				F4B9B90F3237427D11A77C5B /* [CP] Embed Pods Frameworks */,
				95788D0E2400C018AC115F6F /* [CP] Copy Pods Resources */,
			);
			buildRules = (
			);
			dependencies = (
				0DFAB41E1E0675F400DD1EF9 /* PBXTargetDependency */,
			);
			name = WeatherAppTests;
			productName = WeatherAppTests;
			productReference = 0DFAB41C1E0675F400DD1EF9 /* WeatherAppTests.xctest */;
			productType = "com.apple.product-type.bundle.unit-test";
		};
/* End PBXNativeTarget section */

/* Begin PBXProject section */
		0DFAB4001E0675F400DD1EF9 /* Project object */ = {
			isa = PBXProject;
			attributes = {
				LastSwiftUpdateCheck = 0810;
				LastUpgradeCheck = 0810;
				ORGANIZATIONNAME = "RAVI RANDERIA";
				TargetAttributes = {
					0DFAB4071E0675F400DD1EF9 = {
						CreatedOnToolsVersion = 8.1;
						ProvisioningStyle = Automatic;
					};
					0DFAB41B1E0675F400DD1EF9 = {
						CreatedOnToolsVersion = 8.1;
						ProvisioningStyle = Automatic;
						TestTargetID = 0DFAB4071E0675F400DD1EF9;
					};
				};
			};
			buildConfigurationList = 0DFAB4031E0675F400DD1EF9 /* Build configuration list for PBXProject "WeatherApp" */;
			compatibilityVersion = "Xcode 3.2";
			developmentRegion = English;
			hasScannedForEncodings = 0;
			knownRegions = (
				en,
				Base,
			);
			mainGroup = 0DFAB3FF1E0675F400DD1EF9;
			productRefGroup = 0DFAB4091E0675F400DD1EF9 /* Products */;
			projectDirPath = "";
			projectRoot = "";
			targets = (
				0DFAB4071E0675F400DD1EF9 /* WeatherApp */,
				0DFAB41B1E0675F400DD1EF9 /* WeatherAppTests */,
			);
		};
/* End PBXProject section */

/* Begin PBXResourcesBuildPhase section */
		0DFAB4061E0675F400DD1EF9 /* Resources */ = {
			isa = PBXResourcesBuildPhase;
			buildActionMask = 2147483647;
			files = (
				0DC7FFCB1E079C4D00318C23 /* TableHeaderView.xib in Resources */,
				0DFAB4161E0675F400DD1EF9 /* LaunchScreen.storyboard in Resources */,
				0DFAB4321E06781900DD1EF9 /* Assets.xcassets in Resources */,
				0DFAB4111E0675F400DD1EF9 /* Main.storyboard in Resources */,
				0DC7FFE81E08FCFF00318C23 /* dummyWeatherForecast.json in Resources */,
				0DC7FFDC1E07E8A000318C23 /* TableFooterViewCell.xib in Resources */,
				0DC7FFD51E07E6C000318C23 /* TableFooterView.xib in Resources */,
				0DC7FFEA1E08FD0400318C23 /* dummyCurrentWeather.json in Resources */,
			);
			runOnlyForDeploymentPostprocessing = 0;
		};
		0DFAB41A1E0675F400DD1EF9 /* Resources */ = {
			isa = PBXResourcesBuildPhase;
			buildActionMask = 2147483647;
			files = (
			);
			runOnlyForDeploymentPostprocessing = 0;
		};
/* End PBXResourcesBuildPhase section */

/* Begin PBXShellScriptBuildPhase section */
		02863CBF5A05667FFFAB3BC9 /* [CP] Check Pods Manifest.lock */ = {
			isa = PBXShellScriptBuildPhase;
			buildActionMask = 2147483647;
			files = (
			);
			inputPaths = (
			);
			name = "[CP] Check Pods Manifest.lock";
			outputPaths = (
			);
			runOnlyForDeploymentPostprocessing = 0;
			shellPath = /bin/sh;
			shellScript = "diff \"${PODS_ROOT}/../Podfile.lock\" \"${PODS_ROOT}/Manifest.lock\" > /dev/null\nif [ $? != 0 ] ; then\n    # print error to STDERR\n    echo \"error: The sandbox is not in sync with the Podfile.lock. Run 'pod install' or update your CocoaPods installation.\" >&2\n    exit 1\nfi\n";
			showEnvVarsInLog = 0;
		};
		03557EB1AC55FFB7C337A14A /* [CP] Copy Pods Resources */ = {
			isa = PBXShellScriptBuildPhase;
			buildActionMask = 2147483647;
			files = (
			);
			inputPaths = (
			);
			name = "[CP] Copy Pods Resources";
			outputPaths = (
			);
			runOnlyForDeploymentPostprocessing = 0;
			shellPath = /bin/sh;
			shellScript = "\"${SRCROOT}/Pods/Target Support Files/Pods-WeatherApp/Pods-WeatherApp-resources.sh\"\n";
			showEnvVarsInLog = 0;
		};
		432993DEF5AA54EE09CD67A4 /* [CP] Embed Pods Frameworks */ = {
			isa = PBXShellScriptBuildPhase;
			buildActionMask = 2147483647;
			files = (
			);
			inputPaths = (
			);
			name = "[CP] Embed Pods Frameworks";
			outputPaths = (
			);
			runOnlyForDeploymentPostprocessing = 0;
			shellPath = /bin/sh;
			shellScript = "\"${SRCROOT}/Pods/Target Support Files/Pods-WeatherApp/Pods-WeatherApp-frameworks.sh\"\n";
			showEnvVarsInLog = 0;
		};
		95788D0E2400C018AC115F6F /* [CP] Copy Pods Resources */ = {
			isa = PBXShellScriptBuildPhase;
			buildActionMask = 2147483647;
			files = (
			);
			inputPaths = (
			);
			name = "[CP] Copy Pods Resources";
			outputPaths = (
			);
			runOnlyForDeploymentPostprocessing = 0;
			shellPath = /bin/sh;
			shellScript = "\"${SRCROOT}/Pods/Target Support Files/Pods-WeatherAppTests/Pods-WeatherAppTests-resources.sh\"\n";
			showEnvVarsInLog = 0;
		};
		C1320BD41C22C31EBF32D350 /* [CP] Check Pods Manifest.lock */ = {
			isa = PBXShellScriptBuildPhase;
			buildActionMask = 2147483647;
			files = (
			);
			inputPaths = (
			);
			name = "[CP] Check Pods Manifest.lock";
			outputPaths = (
			);
			runOnlyForDeploymentPostprocessing = 0;
			shellPath = /bin/sh;
			shellScript = "diff \"${PODS_ROOT}/../Podfile.lock\" \"${PODS_ROOT}/Manifest.lock\" > /dev/null\nif [ $? != 0 ] ; then\n    # print error to STDERR\n    echo \"error: The sandbox is not in sync with the Podfile.lock. Run 'pod install' or update your CocoaPods installation.\" >&2\n    exit 1\nfi\n";
			showEnvVarsInLog = 0;
		};
		F4B9B90F3237427D11A77C5B /* [CP] Embed Pods Frameworks */ = {
			isa = PBXShellScriptBuildPhase;
			buildActionMask = 2147483647;
			files = (
			);
			inputPaths = (
			);
			name = "[CP] Embed Pods Frameworks";
			outputPaths = (
			);
			runOnlyForDeploymentPostprocessing = 0;
			shellPath = /bin/sh;
			shellScript = "\"${SRCROOT}/Pods/Target Support Files/Pods-WeatherAppTests/Pods-WeatherAppTests-frameworks.sh\"\n";
			showEnvVarsInLog = 0;
		};
/* End PBXShellScriptBuildPhase section */

/* Begin PBXSourcesBuildPhase section */
		0DFAB4041E0675F400DD1EF9 /* Sources */ = {
			isa = PBXSourcesBuildPhase;
			buildActionMask = 2147483647;
			files = (
				0DC7FFC91E079C2000318C23 /* TableHeaderView.swift in Sources */,
				0DC7FFC31E071C1500318C23 /* WeatherTableViewCell.swift in Sources */,
				0DFAB4381E06805D00DD1EF9 /* Router.swift in Sources */,
				0DFAB4361E067DA900DD1EF9 /* RequestManager.swift in Sources */,
				0DFAB40C1E0675F400DD1EF9 /* AppDelegate.swift in Sources */,
				0DFAB4301E0677FD00DD1EF9 /* MainViewController.swift in Sources */,
				0DFAB43B1E06A88900DD1EF9 /* Weather.swift in Sources */,
				0DC7FFC51E07263200318C23 /* WeatherTableViewCellModel.swift in Sources */,
				0DC7FFDB1E07E8A000318C23 /* TableFooterViewCell.swift in Sources */,
				0DC7FFD11E07E68E00318C23 /* TableFooterView.swift in Sources */,
				0DC7FFDE1E08097800318C23 /* String+Degree.swift in Sources */,
				0DC7FFCD1E07D1E500318C23 /* TableHeaderViewModel.swift in Sources */,
				0DFAB4411E06B0E200DD1EF9 /* WeatherForecastManager.swift in Sources */,
				0DC7FFE11E08170400318C23 /* ErrorViewController.swift in Sources */,
				0DC7FFD71E07E6E900318C23 /* TableFooterViewCellModel.swift in Sources */,
				0DFAB4431E06B10B00DD1EF9 /* Double+NSDate.swift in Sources */,
			);
			runOnlyForDeploymentPostprocessing = 0;
		};
		0DFAB4181E0675F400DD1EF9 /* Sources */ = {
			isa = PBXSourcesBuildPhase;
			buildActionMask = 2147483647;
			files = (
				0DC7FFF11E0902E800318C23 /* WeatherForecastManagerTest.swift in Sources */,
				0DC7FFE41E08F87900318C23 /* RequestManagerMock.swift in Sources */,
			);
			runOnlyForDeploymentPostprocessing = 0;
		};
/* End PBXSourcesBuildPhase section */

/* Begin PBXTargetDependency section */
		0DFAB41E1E0675F400DD1EF9 /* PBXTargetDependency */ = {
			isa = PBXTargetDependency;
			target = 0DFAB4071E0675F400DD1EF9 /* WeatherApp */;
			targetProxy = 0DFAB41D1E0675F400DD1EF9 /* PBXContainerItemProxy */;
		};
/* End PBXTargetDependency section */

/* Begin PBXVariantGroup section */
		0DFAB40F1E0675F400DD1EF9 /* Main.storyboard */ = {
			isa = PBXVariantGroup;
			children = (
				0DFAB4101E0675F400DD1EF9 /* Base */,
			);
			name = Main.storyboard;
			sourceTree = "<group>";
		};
		0DFAB4141E0675F400DD1EF9 /* LaunchScreen.storyboard */ = {
			isa = PBXVariantGroup;
			children = (
				0DFAB4151E0675F400DD1EF9 /* Base */,
			);
			name = LaunchScreen.storyboard;
			sourceTree = "<group>";
		};
/* End PBXVariantGroup section */

/* Begin XCBuildConfiguration section */
		0DFAB4231E0675F400DD1EF9 /* Debug */ = {
			isa = XCBuildConfiguration;
			buildSettings = {
				ALWAYS_SEARCH_USER_PATHS = NO;
				CLANG_ANALYZER_NONNULL = YES;
				CLANG_CXX_LANGUAGE_STANDARD = "gnu++0x";
				CLANG_CXX_LIBRARY = "libc++";
				CLANG_ENABLE_MODULES = YES;
				CLANG_ENABLE_OBJC_ARC = YES;
				CLANG_WARN_BOOL_CONVERSION = YES;
				CLANG_WARN_CONSTANT_CONVERSION = YES;
				CLANG_WARN_DIRECT_OBJC_ISA_USAGE = YES_ERROR;
				CLANG_WARN_DOCUMENTATION_COMMENTS = YES;
				CLANG_WARN_EMPTY_BODY = YES;
				CLANG_WARN_ENUM_CONVERSION = YES;
				CLANG_WARN_INFINITE_RECURSION = YES;
				CLANG_WARN_INT_CONVERSION = YES;
				CLANG_WARN_OBJC_ROOT_CLASS = YES_ERROR;
				CLANG_WARN_SUSPICIOUS_MOVE = YES;
				CLANG_WARN_SUSPICIOUS_MOVES = YES;
				CLANG_WARN_UNREACHABLE_CODE = YES;
				CLANG_WARN__DUPLICATE_METHOD_MATCH = YES;
				"CODE_SIGN_IDENTITY[sdk=iphoneos*]" = "iPhone Developer";
				COPY_PHASE_STRIP = NO;
				DEBUG_INFORMATION_FORMAT = dwarf;
				ENABLE_STRICT_OBJC_MSGSEND = YES;
				ENABLE_TESTABILITY = YES;
				GCC_C_LANGUAGE_STANDARD = gnu99;
				GCC_DYNAMIC_NO_PIC = NO;
				GCC_NO_COMMON_BLOCKS = YES;
				GCC_OPTIMIZATION_LEVEL = 0;
				GCC_PREPROCESSOR_DEFINITIONS = (
					"DEBUG=1",
					"$(inherited)",
				);
				GCC_WARN_64_TO_32_BIT_CONVERSION = YES;
				GCC_WARN_ABOUT_RETURN_TYPE = YES_ERROR;
				GCC_WARN_UNDECLARED_SELECTOR = YES;
				GCC_WARN_UNINITIALIZED_AUTOS = YES_AGGRESSIVE;
				GCC_WARN_UNUSED_FUNCTION = YES;
				GCC_WARN_UNUSED_VARIABLE = YES;
				IPHONEOS_DEPLOYMENT_TARGET = 10.1;
				MTL_ENABLE_DEBUG_INFO = YES;
				ONLY_ACTIVE_ARCH = YES;
				SDKROOT = iphoneos;
				SWIFT_ACTIVE_COMPILATION_CONDITIONS = DEBUG;
				SWIFT_OPTIMIZATION_LEVEL = "-Onone";
			};
			name = Debug;
		};
		0DFAB4241E0675F400DD1EF9 /* Release */ = {
			isa = XCBuildConfiguration;
			buildSettings = {
				ALWAYS_SEARCH_USER_PATHS = NO;
				CLANG_ANALYZER_NONNULL = YES;
				CLANG_CXX_LANGUAGE_STANDARD = "gnu++0x";
				CLANG_CXX_LIBRARY = "libc++";
				CLANG_ENABLE_MODULES = YES;
				CLANG_ENABLE_OBJC_ARC = YES;
				CLANG_WARN_BOOL_CONVERSION = YES;
				CLANG_WARN_CONSTANT_CONVERSION = YES;
				CLANG_WARN_DIRECT_OBJC_ISA_USAGE = YES_ERROR;
				CLANG_WARN_DOCUMENTATION_COMMENTS = YES;
				CLANG_WARN_EMPTY_BODY = YES;
				CLANG_WARN_ENUM_CONVERSION = YES;
				CLANG_WARN_INFINITE_RECURSION = YES;
				CLANG_WARN_INT_CONVERSION = YES;
				CLANG_WARN_OBJC_ROOT_CLASS = YES_ERROR;
				CLANG_WARN_SUSPICIOUS_MOVE = YES;
				CLANG_WARN_SUSPICIOUS_MOVES = YES;
				CLANG_WARN_UNREACHABLE_CODE = YES;
				CLANG_WARN__DUPLICATE_METHOD_MATCH = YES;
				"CODE_SIGN_IDENTITY[sdk=iphoneos*]" = "iPhone Developer";
				COPY_PHASE_STRIP = NO;
				DEBUG_INFORMATION_FORMAT = "dwarf-with-dsym";
				ENABLE_NS_ASSERTIONS = NO;
				ENABLE_STRICT_OBJC_MSGSEND = YES;
				GCC_C_LANGUAGE_STANDARD = gnu99;
				GCC_NO_COMMON_BLOCKS = YES;
				GCC_WARN_64_TO_32_BIT_CONVERSION = YES;
				GCC_WARN_ABOUT_RETURN_TYPE = YES_ERROR;
				GCC_WARN_UNDECLARED_SELECTOR = YES;
				GCC_WARN_UNINITIALIZED_AUTOS = YES_AGGRESSIVE;
				GCC_WARN_UNUSED_FUNCTION = YES;
				GCC_WARN_UNUSED_VARIABLE = YES;
				IPHONEOS_DEPLOYMENT_TARGET = 10.1;
				MTL_ENABLE_DEBUG_INFO = NO;
				SDKROOT = iphoneos;
				SWIFT_OPTIMIZATION_LEVEL = "-Owholemodule";
				VALIDATE_PRODUCT = YES;
			};
			name = Release;
		};
		0DFAB4261E0675F400DD1EF9 /* Debug */ = {
			isa = XCBuildConfiguration;
			baseConfigurationReference = 7934AFF47C628358279CC195 /* Pods-WeatherApp.debug.xcconfig */;
			buildSettings = {
				ALWAYS_EMBED_SWIFT_STANDARD_LIBRARIES = YES;
				ASSETCATALOG_COMPILER_APPICON_NAME = AppIcon;
				INFOPLIST_FILE = WeatherApp/Resources/Info.plist;
				LD_RUNPATH_SEARCH_PATHS = "$(inherited) @executable_path/Frameworks";
				PRODUCT_BUNDLE_IDENTIFIER = com.randeria.WeatherApp;
				PRODUCT_NAME = "$(TARGET_NAME)";
				SWIFT_VERSION = 3.0;
			};
			name = Debug;
		};
		0DFAB4271E0675F400DD1EF9 /* Release */ = {
			isa = XCBuildConfiguration;
			baseConfigurationReference = 0A7F9A6D4151797CE93B3FD1 /* Pods-WeatherApp.release.xcconfig */;
			buildSettings = {
				ALWAYS_EMBED_SWIFT_STANDARD_LIBRARIES = YES;
				ASSETCATALOG_COMPILER_APPICON_NAME = AppIcon;
				INFOPLIST_FILE = WeatherApp/Resources/Info.plist;
				LD_RUNPATH_SEARCH_PATHS = "$(inherited) @executable_path/Frameworks";
				PRODUCT_BUNDLE_IDENTIFIER = com.randeria.WeatherApp;
				PRODUCT_NAME = "$(TARGET_NAME)";
				SWIFT_VERSION = 3.0;
			};
			name = Release;
		};
		0DFAB4291E0675F400DD1EF9 /* Debug */ = {
			isa = XCBuildConfiguration;
			baseConfigurationReference = B6AE8FC38F714BA8364B1C9D /* Pods-WeatherAppTests.debug.xcconfig */;
			buildSettings = {
				ALWAYS_EMBED_SWIFT_STANDARD_LIBRARIES = YES;
				BUNDLE_LOADER = "$(TEST_HOST)";
				INFOPLIST_FILE = WeatherAppTests/Info.plist;
				LD_RUNPATH_SEARCH_PATHS = "$(inherited) @executable_path/Frameworks @loader_path/Frameworks";
				PRODUCT_BUNDLE_IDENTIFIER = com.randeria.WeatherAppTests;
				PRODUCT_NAME = "$(TARGET_NAME)";
				SWIFT_VERSION = 3.0;
				TEST_HOST = "$(BUILT_PRODUCTS_DIR)/WeatherApp.app/WeatherApp";
			};
			name = Debug;
		};
		0DFAB42A1E0675F400DD1EF9 /* Release */ = {
			isa = XCBuildConfiguration;
			baseConfigurationReference = E81FB8FA354C70A193AD78A6 /* Pods-WeatherAppTests.release.xcconfig */;
			buildSettings = {
				ALWAYS_EMBED_SWIFT_STANDARD_LIBRARIES = YES;
				BUNDLE_LOADER = "$(TEST_HOST)";
				INFOPLIST_FILE = WeatherAppTests/Info.plist;
				LD_RUNPATH_SEARCH_PATHS = "$(inherited) @executable_path/Frameworks @loader_path/Frameworks";
				PRODUCT_BUNDLE_IDENTIFIER = com.randeria.WeatherAppTests;
				PRODUCT_NAME = "$(TARGET_NAME)";
				SWIFT_VERSION = 3.0;
				TEST_HOST = "$(BUILT_PRODUCTS_DIR)/WeatherApp.app/WeatherApp";
			};
			name = Release;
		};
/* End XCBuildConfiguration section */

/* Begin XCConfigurationList section */
		0DFAB4031E0675F400DD1EF9 /* Build configuration list for PBXProject "WeatherApp" */ = {
			isa = XCConfigurationList;
			buildConfigurations = (
				0DFAB4231E0675F400DD1EF9 /* Debug */,
				0DFAB4241E0675F400DD1EF9 /* Release */,
			);
			defaultConfigurationIsVisible = 0;
			defaultConfigurationName = Release;
		};
		0DFAB4251E0675F400DD1EF9 /* Build configuration list for PBXNativeTarget "WeatherApp" */ = {
			isa = XCConfigurationList;
			buildConfigurations = (
				0DFAB4261E0675F400DD1EF9 /* Debug */,
				0DFAB4271E0675F400DD1EF9 /* Release */,
			);
			defaultConfigurationIsVisible = 0;
			defaultConfigurationName = Release;
		};
		0DFAB4281E0675F400DD1EF9 /* Build configuration list for PBXNativeTarget "WeatherAppTests" */ = {
			isa = XCConfigurationList;
			buildConfigurations = (
				0DFAB4291E0675F400DD1EF9 /* Debug */,
				0DFAB42A1E0675F400DD1EF9 /* Release */,
			);
			defaultConfigurationIsVisible = 0;
			defaultConfigurationName = Release;
		};
/* End XCConfigurationList section */
	};
	rootObject = 0DFAB4001E0675F400DD1EF9 /* Project object */;
}
